<?xml version="1.0" encoding="utf-8"?>
<Project ToolsVersion="4.0" xmlns="http://schemas.microsoft.com/developer/msbuild/2003">
  <ItemGroup>
    <Filter Include="Resource Files">
      <UniqueIdentifier>{67DA6AB6-F800-4c08-8B7A-83BB121AAD01}</UniqueIdentifier>
      <Extensions>rc;ico;cur;bmp;dlg;rc2;rct;bin;rgs;gif;jpg;jpeg;jpe;resx;tiff;tif;png;wav;mfcribbon-ms</Extensions>
    </Filter>
    <Filter Include="Dialogs">
      <UniqueIdentifier>{7aed2be5-c131-4e5c-844f-756295e567a8}</UniqueIdentifier>
    </Filter>
    <Filter Include="Dialogs\Header Files">
      <UniqueIdentifier>{4ab9ef8c-1928-4b60-a265-e8cf857624e8}</UniqueIdentifier>
    </Filter>
    <Filter Include="Dialogs\Source Files">
      <UniqueIdentifier>{bb9de45f-2d70-4253-8089-62ab76f220e3}</UniqueIdentifier>
    </Filter>
    <Filter Include="Files">
      <UniqueIdentifier>{0aa49d18-2e40-498b-ad0b-5db724df429b}</UniqueIdentifier>
    </Filter>
    <Filter Include="Files\Header Files">
      <UniqueIdentifier>{7e9e8fb6-ef12-4b13-9e80-515d6a2968e2}</UniqueIdentifier>
    </Filter>
    <Filter Include="Files\Source Files">
      <UniqueIdentifier>{b6ba7186-0686-45cb-a580-67d84191919d}</UniqueIdentifier>
    </Filter>
    <Filter Include="Network">
      <UniqueIdentifier>{4bf57298-4147-4464-81a3-55d6da5a9fad}</UniqueIdentifier>
    </Filter>
    <Filter Include="Network\Header Files">
      <UniqueIdentifier>{1d50de1e-0722-494f-8951-3e8ae114fae9}</UniqueIdentifier>
    </Filter>
    <Filter Include="Network\Source Files">
      <UniqueIdentifier>{3bae0daf-f6e5-48b3-b0fb-d1a89599cc84}</UniqueIdentifier>
    </Filter>
    <Filter Include="Threads">
      <UniqueIdentifier>{9e5b574f-2ff1-42c0-869d-f22a8759d5ed}</UniqueIdentifier>
    </Filter>
    <Filter Include="Threads\Header Files">
      <UniqueIdentifier>{e8404fd2-9c11-4455-a8a6-649ff118c46f}</UniqueIdentifier>
    </Filter>
    <Filter Include="Threads\Source Files">
      <UniqueIdentifier>{74d20017-36a7-4eb3-8b8d-4d904d57a963}</UniqueIdentifier>
    </Filter>
    <Filter Include="Application">
      <UniqueIdentifier>{efd4f113-344d-447b-b81f-04cababea4c1}</UniqueIdentifier>
    </Filter>
    <Filter Include="Application\Header Files">
      <UniqueIdentifier>{2cd72826-9190-47a4-add2-5a968ad1dfd3}</UniqueIdentifier>
    </Filter>
    <Filter Include="Application\Source Files">
      <UniqueIdentifier>{13e72a72-3c7f-4eb5-9190-ff5cba086b1b}</UniqueIdentifier>
    </Filter>
    <Filter Include="Utils">
      <UniqueIdentifier>{811760ad-a6ee-4ab3-9c4b-75cfa0eded25}</UniqueIdentifier>
    </Filter>
    <Filter Include="Utils\Header Files">
      <UniqueIdentifier>{9339ac65-6bbd-40ba-84a1-27a83637b1be}</UniqueIdentifier>
    </Filter>
    <Filter Include="Utils\Source Files">
      <UniqueIdentifier>{03afa9e1-33a4-4057-9607-0dbd01917200}</UniqueIdentifier>
    </Filter>
  </ItemGroup>
  <ItemGroup>
    <ClCompile Include="AboutDlg.cpp">
      <Filter>Dialogs\Source Files</Filter>
    </ClCompile>
    <ClCompile Include="Dialog.cpp">
      <Filter>Dialogs\Source Files</Filter>
    </ClCompile>
    <ClCompile Include="MainDlg.cpp">
      <Filter>Dialogs\Source Files</Filter>
    </ClCompile>
    <ClCompile Include="NickNameDlg.cpp">
      <Filter>Dialogs\Source Files</Filter>
    </ClCompile>
    <ClCompile Include="SocketServer.cpp">
      <Filter>Network\Source Files</Filter>
    </ClCompile>
    <ClCompile Include="SocketClient.cpp">
      <Filter>Network\Source Files</Filter>
    </ClCompile>
    <ClCompile Include="Send.cpp">
      <Filter>Threads\Source Files</Filter>
    </ClCompile>
    <ClCompile Include="Recv.cpp">
      <Filter>Threads\Source Files</Filter>
    </ClCompile>
    <ClCompile Include="main.cpp">
      <Filter>Application\Source Files</Filter>
    </ClCompile>
    <ClCompile Include="App.cpp">
      <Filter>Application\Source Files</Filter>
    </ClCompile>
    <ClCompile Include="Thread.cpp">
      <Filter>Threads\Source Files</Filter>
    </ClCompile>
    <ClCompile Include="SaveFile.cpp">
      <Filter>Files\Source Files</Filter>
    </ClCompile>
    <ClCompile Include="LoadFile.cpp">
      <Filter>Files\Source Files</Filter>
    </ClCompile>
    <ClCompile Include="RecvThread.cpp">
      <Filter>Threads\Source Files</Filter>
    </ClCompile>
    <ClCompile Include="DataTransfer.cpp">
      <Filter>Network\Source Files</Filter>
    </ClCompile>
    <ClCompile Include="Socket.cpp">
      <Filter>Network\Source Files</Filter>
    </ClCompile>
    <ClCompile Include="Utils.cpp">
      <Filter>Utils\Source Files</Filter>
    </ClCompile>
    <ClCompile Include="CRC.cpp">
      <Filter>Utils\Source Files</Filter>
    </ClCompile>
    <ClCompile Include="Exceptions.cpp">
      <Filter>Utils\Source Files</Filter>
    </ClCompile>
    <ClCompile Include="Mutex.cpp">
      <Filter>Utils\Source Files</Filter>
    </ClCompile>
    <ClCompile Include="NetworkManager.cpp">
      <Filter>Network\Source Files</Filter>
    </ClCompile>
    <ClCompile Include="FileTransferer.cpp">
      <Filter>Network\Source Files</Filter>
    </ClCompile>
    <ClCompile Include="Events.cpp">
      <Filter>Utils\Source Files</Filter>
    </ClCompile>
    <ClCompile Include="NetworkObject.cpp">
      <Filter>Network\Source Files</Filter>
    </ClCompile>
    <ClCompile Include="FileReceiver.cpp">
      <Filter>Network\Source Files</Filter>
    </ClCompile>
    <ClCompile Include="HandShakeThread.cpp" />
  </ItemGroup>
  <ItemGroup>
    <ClInclude Include="AboutDlg.h">
      <Filter>Dialogs\Header Files</Filter>
    </ClInclude>
    <ClInclude Include="NickNameDlg.h">
      <Filter>Dialogs\Header Files</Filter>
    </ClInclude>
    <ClInclude Include="Dialog.h">
      <Filter>Dialogs\Header Files</Filter>
    </ClInclude>
    <ClInclude Include="MainDlg.h">
      <Filter>Dialogs\Header Files</Filter>
    </ClInclude>
    <ClInclude Include="SocketServer.h">
      <Filter>Network\Header Files</Filter>
    </ClInclude>
    <ClInclude Include="SocketClient.h">
      <Filter>Network\Header Files</Filter>
    </ClInclude>
    <ClInclude Include="Send.h">
      <Filter>Threads\Header Files</Filter>
    </ClInclude>
    <ClInclude Include="Recv.h">
      <Filter>Threads\Header Files</Filter>
    </ClInclude>
    <ClInclude Include="CRC.h">
      <Filter>Network\Header Files</Filter>
    </ClInclude>
    <ClInclude Include="App.h">
      <Filter>Application\Header Files</Filter>
    </ClInclude>
    <ClInclude Include="Thread.h">
      <Filter>Threads\Header Files</Filter>
    </ClInclude>
    <ClInclude Include="SaveFile.h">
      <Filter>Files\Header Files</Filter>
    </ClInclude>
    <ClInclude Include="File.h">
      <Filter>Files\Header Files</Filter>
    </ClInclude>
    <ClInclude Include="LoadFile.h">
      <Filter>Files\Header Files</Filter>
    </ClInclude>
    <ClInclude Include="RecvThread.h">
      <Filter>Threads\Header Files</Filter>
    </ClInclude>
    <ClInclude Include="DataTransfer.h">
      <Filter>Network\Header Files</Filter>
    </ClInclude>
    <ClInclude Include="Socket.h">
      <Filter>Network\Header Files</Filter>
    </ClInclude>
    <ClInclude Include="DoubleList.h">
      <Filter>Utils\Header Files</Filter>
    </ClInclude>
    <ClInclude Include="Exceptions.h">
      <Filter>Utils\Header Files</Filter>
    </ClInclude>
    <ClInclude Include="General.h">
      <Filter>Utils\Header Files</Filter>
    </ClInclude>
    <ClInclude Include="Mutex.h">
      <Filter>Utils\Header Files</Filter>
    </ClInclude>
    <ClInclude Include="resource.h">
      <Filter>Utils\Header Files</Filter>
    </ClInclude>
    <ClInclude Include="String.h">
      <Filter>Utils\Header Files</Filter>
    </ClInclude>
    <ClInclude Include="targetver.h">
      <Filter>Utils\Header Files</Filter>
    </ClInclude>
    <ClInclude Include="Utils.h">
      <Filter>Utils\Header Files</Filter>
    </ClInclude>
    <ClInclude Include="NetworkManager.h">
      <Filter>Network\Header Files</Filter>
    </ClInclude>
    <ClInclude Include="FileTransferer.h">
      <Filter>Network\Header Files</Filter>
    </ClInclude>
    <ClInclude Include="Events.h">
      <Filter>Utils\Header Files</Filter>
    </ClInclude>
    <ClInclude Include="NetworkObject.h">
      <Filter>Network\Header Files</Filter>
    </ClInclude>
    <ClInclude Include="FileReceiver.h">
      <Filter>Network\Header Files</Filter>
    </ClInclude>
    <ClInclude Include="HandShakeThread.h" />
  </ItemGroup>
  <ItemGroup>
    <ResourceCompile Include="FileTransferApp.rc">
      <Filter>Resource Files</Filter>
    </ResourceCompile>
  </ItemGroup>
  <ItemGroup>
    <None Include="res\Serverul.ico">
      <Filter>Resource Files</Filter>
    </None>
    <None Include="res\myFace.bmp">
      <Filter>Resource Files</Filter>
    </None>
  </ItemGroup>
</Project>